
Microsoft Visual Studio Solution File, Format Version 12.00
# Visual Studio Version 18
VisualStudioVersion = 18.2.11415.280 d18.0
MinimumVisualStudioVersion = 10.0.40219.1
Project("{9A19103F-16F7-4668-BE54-9A1E7A4F7556}") = "MozUtil", "MozUtil\MozUtil.csproj", "{C6D5D4BE-1744-4501-9A33-E7F66B62D362}"
EndProject
Project("{9A19103F-16F7-4668-BE54-9A1E7A4F7556}") = "MozClientConsole", "MozClientConsole\MozClientConsole.csproj", "{5B1872A3-F2BD-43D7-B7BD-76747DA44122}"
EndProject
Project("{9A19103F-16F7-4668-BE54-9A1E7A4F7556}") = "STUN", "..\DirtyProxy\STUN-master\STUN\STUN.csproj", "{382D732C-8D72-4036-9647-1E9687914F93}"
EndProject
Project("{9A19103F-16F7-4668-BE54-9A1E7A4F7556}") = "MozASPServer", "MozASPServer\MozASPServer.csproj", "{2345AD34-4F31-4DDA-AC3B-4EFE54974F31}"
EndProject
Project("{9A19103F-16F7-4668-BE54-9A1E7A4F7556}") = "DownloadSpeedBenchLiteNet", "DownloadSpeedBenchLiteNet\DownloadSpeedBenchLiteNet.csproj", "{8B34E6EC-AD2D-48BD-B943-65DB69EB7DFE}"
EndProject
Project("{9A19103F-16F7-4668-BE54-9A1E7A4F7556}") = "LiteNetLib", "..\LiteNetLib-1.1.0\LiteNetLib\LiteNetLib.csproj", "{85B002D6-B322-4BDD-BEB3-1635C2CE4537}"
EndProject
Project("{9A19103F-16F7-4668-BE54-9A1E7A4F7556}") = "HttpToSocks5Proxy", "..\HttpToSocks5Proxy-archived\src\HttpToSocks5Proxy\HttpToSocks5Proxy.csproj", "{EB3765AE-49AB-4051-AEF6-D2FCCF5F1FD3}"
EndProject
Project("{9A19103F-16F7-4668-BE54-9A1E7A4F7556}") = "MozVpnWPF", "MozVpnWPF\MozVpnWPF.csproj", "{1A6D2EA4-650B-460E-A115-0791D5C4D2E4}"
EndProject
Project("{9A19103F-16F7-4668-BE54-9A1E7A4F7556}") = "MozVpnMAUI", "MozVpnMAUI\MozVpnMAUI.csproj", "{F47FBB96-9FF7-4485-B874-24925AFF2F8D}"
EndProject
Project("{9A19103F-16F7-4668-BE54-9A1E7A4F7556}") = "ConnectionSpammer", "ConnectionSpammer\ConnectionSpammer.csproj", "{EF580E65-0191-49EB-9E67-139D85BA3E1D}"
EndProject
Project("{9A19103F-16F7-4668-BE54-9A1E7A4F7556}") = "Test-MozClientOverload", "Test-MozClientOverload\Test-MozClientOverload.csproj", "{A63CDEAB-5A77-41B6-B3A4-56BD978D7D91}"
EndProject
Project("{9A19103F-16F7-4668-BE54-9A1E7A4F7556}") = "EncryptedBehind-NATTransportConsole", "EncryptedBehind-NATTransportConsole\EncryptedBehind-NATTransportConsole.csproj", "{54664E83-C956-4888-B2DC-9FE5268DCF0D}"
EndProject
Project("{FAE04EC0-301F-11D3-BF4B-00C04F79EFBC}") = "BinaryConverterTests", "BinaryConverterTests\BinaryConverterTests.csproj", "{FFB79A98-882F-4076-A7F2-6FA3ADDF2C8E}"
EndProject
Project("{FAE04EC0-301F-11D3-BF4B-00C04F79EFBC}") = "MozVPNMaui2", "MozVPNMaui2\MozVPNMaui2.csproj", "{A559E2C2-7B14-4838-8F33-C3D91E96DE5F}"
EndProject
Project("{FAE04EC0-301F-11D3-BF4B-00C04F79EFBC}") = "MozVPN_CLI", "MozVPN_CLI\MozVPN_CLI.csproj", "{33916549-6832-4F89-A22F-795B447C0ED1}"
EndProject
Project("{2150E333-8FDC-42A3-9474-1A3956D46DE8}") = "UDPBeam", "UDPBeam", "{95AFAF5C-09ED-49D7-AE8C-9CA665A4EFBD}"
EndProject
Project("{FAE04EC0-301F-11D3-BF4B-00C04F79EFBC}") = "UdpBeam_Core", "UdpBeam_Core\UdpBeam_Core.csproj", "{6B1EFBF3-C14C-4145-88F8-8FDA94E1BB59}"
EndProject
Global
	GlobalSection(SolutionConfigurationPlatforms) = preSolution
		Debug|Any CPU = Debug|Any CPU
		Debug|ARM32 = Debug|ARM32
		Release|Any CPU = Release|Any CPU
		Release|ARM32 = Release|ARM32
	EndGlobalSection
	GlobalSection(ProjectConfigurationPlatforms) = postSolution
		{C6D5D4BE-1744-4501-9A33-E7F66B62D362}.Debug|Any CPU.ActiveCfg = Debug|Any CPU
		{C6D5D4BE-1744-4501-9A33-E7F66B62D362}.Debug|Any CPU.Build.0 = Debug|Any CPU
		{C6D5D4BE-1744-4501-9A33-E7F66B62D362}.Debug|ARM32.ActiveCfg = Debug|Any CPU
		{C6D5D4BE-1744-4501-9A33-E7F66B62D362}.Debug|ARM32.Build.0 = Debug|Any CPU
		{C6D5D4BE-1744-4501-9A33-E7F66B62D362}.Release|Any CPU.ActiveCfg = Release|Any CPU
		{C6D5D4BE-1744-4501-9A33-E7F66B62D362}.Release|Any CPU.Build.0 = Release|Any CPU
		{C6D5D4BE-1744-4501-9A33-E7F66B62D362}.Release|ARM32.ActiveCfg = Release|Any CPU
		{C6D5D4BE-1744-4501-9A33-E7F66B62D362}.Release|ARM32.Build.0 = Release|Any CPU
		{5B1872A3-F2BD-43D7-B7BD-76747DA44122}.Debug|Any CPU.ActiveCfg = Debug|Any CPU
		{5B1872A3-F2BD-43D7-B7BD-76747DA44122}.Debug|Any CPU.Build.0 = Debug|Any CPU
		{5B1872A3-F2BD-43D7-B7BD-76747DA44122}.Debug|ARM32.ActiveCfg = Debug|Any CPU
		{5B1872A3-F2BD-43D7-B7BD-76747DA44122}.Debug|ARM32.Build.0 = Debug|Any CPU
		{5B1872A3-F2BD-43D7-B7BD-76747DA44122}.Release|Any CPU.ActiveCfg = Release|Any CPU
		{5B1872A3-F2BD-43D7-B7BD-76747DA44122}.Release|Any CPU.Build.0 = Release|Any CPU
		{5B1872A3-F2BD-43D7-B7BD-76747DA44122}.Release|ARM32.ActiveCfg = Release|Any CPU
		{5B1872A3-F2BD-43D7-B7BD-76747DA44122}.Release|ARM32.Build.0 = Release|Any CPU
		{382D732C-8D72-4036-9647-1E9687914F93}.Debug|Any CPU.ActiveCfg = Debug|Any CPU
		{382D732C-8D72-4036-9647-1E9687914F93}.Debug|Any CPU.Build.0 = Debug|Any CPU
		{382D732C-8D72-4036-9647-1E9687914F93}.Debug|ARM32.ActiveCfg = Debug|Any CPU
		{382D732C-8D72-4036-9647-1E9687914F93}.Debug|ARM32.Build.0 = Debug|Any CPU
		{382D732C-8D72-4036-9647-1E9687914F93}.Release|Any CPU.ActiveCfg = Release|Any CPU
		{382D732C-8D72-4036-9647-1E9687914F93}.Release|Any CPU.Build.0 = Release|Any CPU
		{382D732C-8D72-4036-9647-1E9687914F93}.Release|ARM32.ActiveCfg = Release|Any CPU
		{382D732C-8D72-4036-9647-1E9687914F93}.Release|ARM32.Build.0 = Release|Any CPU
		{2345AD34-4F31-4DDA-AC3B-4EFE54974F31}.Debug|Any CPU.ActiveCfg = Debug|Any CPU
		{2345AD34-4F31-4DDA-AC3B-4EFE54974F31}.Debug|Any CPU.Build.0 = Debug|Any CPU
		{2345AD34-4F31-4DDA-AC3B-4EFE54974F31}.Debug|ARM32.ActiveCfg = Debug|Any CPU
		{2345AD34-4F31-4DDA-AC3B-4EFE54974F31}.Debug|ARM32.Build.0 = Debug|Any CPU
		{2345AD34-4F31-4DDA-AC3B-4EFE54974F31}.Release|Any CPU.ActiveCfg = Release|Any CPU
		{2345AD34-4F31-4DDA-AC3B-4EFE54974F31}.Release|Any CPU.Build.0 = Release|Any CPU
		{2345AD34-4F31-4DDA-AC3B-4EFE54974F31}.Release|ARM32.ActiveCfg = Release|Any CPU
		{2345AD34-4F31-4DDA-AC3B-4EFE54974F31}.Release|ARM32.Build.0 = Release|Any CPU
		{8B34E6EC-AD2D-48BD-B943-65DB69EB7DFE}.Debug|Any CPU.ActiveCfg = Debug|Any CPU
		{8B34E6EC-AD2D-48BD-B943-65DB69EB7DFE}.Debug|Any CPU.Build.0 = Debug|Any CPU
		{8B34E6EC-AD2D-48BD-B943-65DB69EB7DFE}.Debug|ARM32.ActiveCfg = Debug|Any CPU
		{8B34E6EC-AD2D-48BD-B943-65DB69EB7DFE}.Debug|ARM32.Build.0 = Debug|Any CPU
		{8B34E6EC-AD2D-48BD-B943-65DB69EB7DFE}.Release|Any CPU.ActiveCfg = Release|Any CPU
		{8B34E6EC-AD2D-48BD-B943-65DB69EB7DFE}.Release|Any CPU.Build.0 = Release|Any CPU
		{8B34E6EC-AD2D-48BD-B943-65DB69EB7DFE}.Release|ARM32.ActiveCfg = Release|Any CPU
		{8B34E6EC-AD2D-48BD-B943-65DB69EB7DFE}.Release|ARM32.Build.0 = Release|Any CPU
		{85B002D6-B322-4BDD-BEB3-1635C2CE4537}.Debug|Any CPU.ActiveCfg = Debug|Any CPU
		{85B002D6-B322-4BDD-BEB3-1635C2CE4537}.Debug|Any CPU.Build.0 = Debug|Any CPU
		{85B002D6-B322-4BDD-BEB3-1635C2CE4537}.Debug|ARM32.ActiveCfg = Debug|Any CPU
		{85B002D6-B322-4BDD-BEB3-1635C2CE4537}.Debug|ARM32.Build.0 = Debug|Any CPU
		{85B002D6-B322-4BDD-BEB3-1635C2CE4537}.Release|Any CPU.ActiveCfg = Release|Any CPU
		{85B002D6-B322-4BDD-BEB3-1635C2CE4537}.Release|Any CPU.Build.0 = Release|Any CPU
		{85B002D6-B322-4BDD-BEB3-1635C2CE4537}.Release|ARM32.ActiveCfg = Release|Any CPU
		{85B002D6-B322-4BDD-BEB3-1635C2CE4537}.Release|ARM32.Build.0 = Release|Any CPU
		{EB3765AE-49AB-4051-AEF6-D2FCCF5F1FD3}.Debug|Any CPU.ActiveCfg = Debug|Any CPU
		{EB3765AE-49AB-4051-AEF6-D2FCCF5F1FD3}.Debug|Any CPU.Build.0 = Debug|Any CPU
		{EB3765AE-49AB-4051-AEF6-D2FCCF5F1FD3}.Debug|ARM32.ActiveCfg = Debug|Any CPU
		{EB3765AE-49AB-4051-AEF6-D2FCCF5F1FD3}.Debug|ARM32.Build.0 = Debug|Any CPU
		{EB3765AE-49AB-4051-AEF6-D2FCCF5F1FD3}.Release|Any CPU.ActiveCfg = Release|Any CPU
		{EB3765AE-49AB-4051-AEF6-D2FCCF5F1FD3}.Release|Any CPU.Build.0 = Release|Any CPU
		{EB3765AE-49AB-4051-AEF6-D2FCCF5F1FD3}.Release|ARM32.ActiveCfg = Release|Any CPU
		{EB3765AE-49AB-4051-AEF6-D2FCCF5F1FD3}.Release|ARM32.Build.0 = Release|Any CPU
		{1A6D2EA4-650B-460E-A115-0791D5C4D2E4}.Debug|Any CPU.ActiveCfg = Debug|Any CPU
		{1A6D2EA4-650B-460E-A115-0791D5C4D2E4}.Debug|Any CPU.Build.0 = Debug|Any CPU
		{1A6D2EA4-650B-460E-A115-0791D5C4D2E4}.Debug|ARM32.ActiveCfg = Debug|Any CPU
		{1A6D2EA4-650B-460E-A115-0791D5C4D2E4}.Debug|ARM32.Build.0 = Debug|Any CPU
		{1A6D2EA4-650B-460E-A115-0791D5C4D2E4}.Release|Any CPU.ActiveCfg = Release|Any CPU
		{1A6D2EA4-650B-460E-A115-0791D5C4D2E4}.Release|Any CPU.Build.0 = Release|Any CPU
		{1A6D2EA4-650B-460E-A115-0791D5C4D2E4}.Release|ARM32.ActiveCfg = Release|Any CPU
		{1A6D2EA4-650B-460E-A115-0791D5C4D2E4}.Release|ARM32.Build.0 = Release|Any CPU
		{F47FBB96-9FF7-4485-B874-24925AFF2F8D}.Debug|Any CPU.ActiveCfg = Debug|Any CPU
		{F47FBB96-9FF7-4485-B874-24925AFF2F8D}.Debug|Any CPU.Build.0 = Debug|Any CPU
		{F47FBB96-9FF7-4485-B874-24925AFF2F8D}.Debug|Any CPU.Deploy.0 = Debug|Any CPU
		{F47FBB96-9FF7-4485-B874-24925AFF2F8D}.Debug|ARM32.ActiveCfg = Debug|ARM32
		{F47FBB96-9FF7-4485-B874-24925AFF2F8D}.Debug|ARM32.Build.0 = Debug|ARM32
		{F47FBB96-9FF7-4485-B874-24925AFF2F8D}.Debug|ARM32.Deploy.0 = Debug|ARM32
		{F47FBB96-9FF7-4485-B874-24925AFF2F8D}.Release|Any CPU.ActiveCfg = Release|Any CPU
		{F47FBB96-9FF7-4485-B874-24925AFF2F8D}.Release|Any CPU.Build.0 = Release|Any CPU
		{F47FBB96-9FF7-4485-B874-24925AFF2F8D}.Release|Any CPU.Deploy.0 = Release|Any CPU
		{F47FBB96-9FF7-4485-B874-24925AFF2F8D}.Release|ARM32.ActiveCfg = Release|ARM32
		{F47FBB96-9FF7-4485-B874-24925AFF2F8D}.Release|ARM32.Build.0 = Release|ARM32
		{F47FBB96-9FF7-4485-B874-24925AFF2F8D}.Release|ARM32.Deploy.0 = Release|ARM32
		{EF580E65-0191-49EB-9E67-139D85BA3E1D}.Debug|Any CPU.ActiveCfg = Debug|Any CPU
		{EF580E65-0191-49EB-9E67-139D85BA3E1D}.Debug|Any CPU.Build.0 = Debug|Any CPU
		{EF580E65-0191-49EB-9E67-139D85BA3E1D}.Debug|ARM32.ActiveCfg = Debug|Any CPU
		{EF580E65-0191-49EB-9E67-139D85BA3E1D}.Debug|ARM32.Build.0 = Debug|Any CPU
		{EF580E65-0191-49EB-9E67-139D85BA3E1D}.Release|Any CPU.ActiveCfg = Release|Any CPU
		{EF580E65-0191-49EB-9E67-139D85BA3E1D}.Release|Any CPU.Build.0 = Release|Any CPU
		{EF580E65-0191-49EB-9E67-139D85BA3E1D}.Release|ARM32.ActiveCfg = Release|Any CPU
		{EF580E65-0191-49EB-9E67-139D85BA3E1D}.Release|ARM32.Build.0 = Release|Any CPU
		{A63CDEAB-5A77-41B6-B3A4-56BD978D7D91}.Debug|Any CPU.ActiveCfg = Debug|Any CPU
		{A63CDEAB-5A77-41B6-B3A4-56BD978D7D91}.Debug|Any CPU.Build.0 = Debug|Any CPU
		{A63CDEAB-5A77-41B6-B3A4-56BD978D7D91}.Debug|ARM32.ActiveCfg = Debug|Any CPU
		{A63CDEAB-5A77-41B6-B3A4-56BD978D7D91}.Debug|ARM32.Build.0 = Debug|Any CPU
		{A63CDEAB-5A77-41B6-B3A4-56BD978D7D91}.Release|Any CPU.ActiveCfg = Release|Any CPU
		{A63CDEAB-5A77-41B6-B3A4-56BD978D7D91}.Release|Any CPU.Build.0 = Release|Any CPU
		{A63CDEAB-5A77-41B6-B3A4-56BD978D7D91}.Release|ARM32.ActiveCfg = Release|Any CPU
		{A63CDEAB-5A77-41B6-B3A4-56BD978D7D91}.Release|ARM32.Build.0 = Release|Any CPU
		{54664E83-C956-4888-B2DC-9FE5268DCF0D}.Debug|Any CPU.ActiveCfg = Debug|Any CPU
		{54664E83-C956-4888-B2DC-9FE5268DCF0D}.Debug|Any CPU.Build.0 = Debug|Any CPU
		{54664E83-C956-4888-B2DC-9FE5268DCF0D}.Debug|ARM32.ActiveCfg = Debug|Any CPU
		{54664E83-C956-4888-B2DC-9FE5268DCF0D}.Debug|ARM32.Build.0 = Debug|Any CPU
		{54664E83-C956-4888-B2DC-9FE5268DCF0D}.Release|Any CPU.ActiveCfg = Release|Any CPU
		{54664E83-C956-4888-B2DC-9FE5268DCF0D}.Release|Any CPU.Build.0 = Release|Any CPU
		{54664E83-C956-4888-B2DC-9FE5268DCF0D}.Release|ARM32.ActiveCfg = Release|Any CPU
		{54664E83-C956-4888-B2DC-9FE5268DCF0D}.Release|ARM32.Build.0 = Release|Any CPU
		{FFB79A98-882F-4076-A7F2-6FA3ADDF2C8E}.Debug|Any CPU.ActiveCfg = Debug|Any CPU
		{FFB79A98-882F-4076-A7F2-6FA3ADDF2C8E}.Debug|Any CPU.Build.0 = Debug|Any CPU
		{FFB79A98-882F-4076-A7F2-6FA3ADDF2C8E}.Debug|ARM32.ActiveCfg = Debug|Any CPU
		{FFB79A98-882F-4076-A7F2-6FA3ADDF2C8E}.Debug|ARM32.Build.0 = Debug|Any CPU
		{FFB79A98-882F-4076-A7F2-6FA3ADDF2C8E}.Release|Any CPU.ActiveCfg = Release|Any CPU
		{FFB79A98-882F-4076-A7F2-6FA3ADDF2C8E}.Release|Any CPU.Build.0 = Release|Any CPU
		{FFB79A98-882F-4076-A7F2-6FA3ADDF2C8E}.Release|ARM32.ActiveCfg = Release|Any CPU
		{FFB79A98-882F-4076-A7F2-6FA3ADDF2C8E}.Release|ARM32.Build.0 = Release|Any CPU
		{A559E2C2-7B14-4838-8F33-C3D91E96DE5F}.Debug|Any CPU.ActiveCfg = Debug|Any CPU
		{A559E2C2-7B14-4838-8F33-C3D91E96DE5F}.Debug|Any CPU.Build.0 = Debug|Any CPU
		{A559E2C2-7B14-4838-8F33-C3D91E96DE5F}.Debug|Any CPU.Deploy.0 = Debug|Any CPU
		{A559E2C2-7B14-4838-8F33-C3D91E96DE5F}.Debug|ARM32.ActiveCfg = Debug|Any CPU
		{A559E2C2-7B14-4838-8F33-C3D91E96DE5F}.Debug|ARM32.Build.0 = Debug|Any CPU
		{A559E2C2-7B14-4838-8F33-C3D91E96DE5F}.Release|Any CPU.ActiveCfg = Release|Any CPU
		{A559E2C2-7B14-4838-8F33-C3D91E96DE5F}.Release|Any CPU.Build.0 = Release|Any CPU
		{A559E2C2-7B14-4838-8F33-C3D91E96DE5F}.Release|Any CPU.Deploy.0 = Release|Any CPU
		{A559E2C2-7B14-4838-8F33-C3D91E96DE5F}.Release|ARM32.ActiveCfg = Release|Any CPU
		{A559E2C2-7B14-4838-8F33-C3D91E96DE5F}.Release|ARM32.Build.0 = Release|Any CPU
		{33916549-6832-4F89-A22F-795B447C0ED1}.Debug|Any CPU.ActiveCfg = Debug|Any CPU
		{33916549-6832-4F89-A22F-795B447C0ED1}.Debug|Any CPU.Build.0 = Debug|Any CPU
		{33916549-6832-4F89-A22F-795B447C0ED1}.Debug|ARM32.ActiveCfg = Debug|Any CPU
		{33916549-6832-4F89-A22F-795B447C0ED1}.Debug|ARM32.Build.0 = Debug|Any CPU
		{33916549-6832-4F89-A22F-795B447C0ED1}.Release|Any CPU.ActiveCfg = Release|Any CPU
		{33916549-6832-4F89-A22F-795B447C0ED1}.Release|Any CPU.Build.0 = Release|Any CPU
		{33916549-6832-4F89-A22F-795B447C0ED1}.Release|ARM32.ActiveCfg = Release|Any CPU
		{33916549-6832-4F89-A22F-795B447C0ED1}.Release|ARM32.Build.0 = Release|Any CPU
		{6B1EFBF3-C14C-4145-88F8-8FDA94E1BB59}.Debug|Any CPU.ActiveCfg = Debug|Any CPU
		{6B1EFBF3-C14C-4145-88F8-8FDA94E1BB59}.Debug|Any CPU.Build.0 = Debug|Any CPU
		{6B1EFBF3-C14C-4145-88F8-8FDA94E1BB59}.Debug|ARM32.ActiveCfg = Debug|Any CPU
		{6B1EFBF3-C14C-4145-88F8-8FDA94E1BB59}.Debug|ARM32.Build.0 = Debug|Any CPU
		{6B1EFBF3-C14C-4145-88F8-8FDA94E1BB59}.Release|Any CPU.ActiveCfg = Release|Any CPU
		{6B1EFBF3-C14C-4145-88F8-8FDA94E1BB59}.Release|Any CPU.Build.0 = Release|Any CPU
		{6B1EFBF3-C14C-4145-88F8-8FDA94E1BB59}.Release|ARM32.ActiveCfg = Release|Any CPU
		{6B1EFBF3-C14C-4145-88F8-8FDA94E1BB59}.Release|ARM32.Build.0 = Release|Any CPU
	EndGlobalSection
	GlobalSection(SolutionProperties) = preSolution
		HideSolutionNode = FALSE
	EndGlobalSection
	GlobalSection(NestedProjects) = preSolution
		{6B1EFBF3-C14C-4145-88F8-8FDA94E1BB59} = {95AFAF5C-09ED-49D7-AE8C-9CA665A4EFBD}
	EndGlobalSection
	GlobalSection(ExtensibilityGlobals) = postSolution
		SolutionGuid = {14D40078-7F02-485B-B5DD-3C182852ABC1}
	EndGlobalSection
EndGlobal
